<?xml version="1.0" encoding="UTF-8" standalone="yes" ?>
<CodeBlocks_project_file>
	<FileVersion major="1" minor="6" />
	<Project>
		<Option title="glc" />
		<Option makefile_is_custom="1" />
		<Option pch_mode="2" />
		<Option compiler="gcc" />
		<Build>
			<Target title="Debug">
				<Option output="bin/glc" prefix_auto="1" extension_auto="1" />
				<Option object_output="bin/" />
				<Option type="1" />
				<Option compiler="gcc" />
				<Option parameters="teste.txt" />
				<Compiler>
					<Add option="-g" />
				</Compiler>
			</Target>
		</Build>
		<Compiler>
			<Add option="-Wall" />
		</Compiler>
		<Unit filename="include/glc.h" />
		<Unit filename="include/options.h" />
		<Unit filename="source/glc.cpp" />
		<Unit filename="source/main.cpp" />
		<Unit filename="source/options.cpp" />
		<Extensions>
			<code_completion />
			<envvars />
			<debugger />
			<lib_finder disable_auto="1" />
		</Extensions>
	</Project>
</CodeBlocks_project_file>
